# This file is autogenerated, do not edit; changes may be undone by the next 'dep ensure'.


[[projects]]
  digest = "1:652880afc6b57ce0a67173f552cb35ccda816493a1da6ca20e5074a66bcd083f"
  name = "github.com/buaazp/fasthttprouter"
  packages = ["."]
  pruneopts = "UT"
  revision = "ade4e2031af3aed7fffd241084aad80a58faf421"
  version = "v0.1.1"

[[projects]]
  digest = "1:abaaa7489a2f0f3afb2adc8ea1a282a5bd52350b87b26da220c94fc778d6d63b"
  name = "github.com/docopt/docopt-go"
  packages = ["."]
  pruneopts = "UT"
  revision = "784ddc588536785e7299f7272f39101f7faccc3f"
  version = "0.6.2"

[[projects]]
  digest = "1:aaa8e0e7e35d92e21daed3f241832cee73d15ca1cd3302ba3843159a959a7eac"
  name = "github.com/klauspost/compress"
  packages = [
    "flate",
    "gzip",
    "zlib",
  ]
  pruneopts = "UT"
  revision = "30be6041bed523c18e269a700ebd9c2ea9328574"
  version = "v1.4.1"

[[projects]]
  digest = "1:2d643962fac133904694fffa959bc3c5dcfdcee38c6f5ffdd99a3c93eb9c835c"
  name = "github.com/klauspost/cpuid"
  packages = ["."]
  pruneopts = "UT"
  revision = "e7e905edc00ea8827e58662220139109efea09db"
  version = "v1.2.0"

[[projects]]
  digest = "1:182d7188a25f6d3787782ec6d36cc6c35ebdf190d557f94256ef8ffbee3a6d9b"
  name = "github.com/kljensen/snowball"
  packages = [
    ".",
    "english",
    "french",
    "norwegian",
    "romance",
    "russian",
    "snowballword",
    "spanish",
    "swedish",
  ]
  pruneopts = "UT"
  revision = "7357118e6a5c7edd7d0c70028b6e52b762250b6f"
  version = "v0.6.0"

[[projects]]
  digest = "1:31e761d97c76151dde79e9d28964a812c46efc5baee4085b86f68f0c654450de"
  name = "github.com/konsorten/go-windows-terminal-sequences"
  packages = ["."]
  pruneopts = "UT"
  revision = "f55edac94c9bbba5d6182a4be46d86a2c9b5b50e"
  version = "v1.0.2"

[[projects]]
  digest = "1:cf31692c14422fa27c83a05292eb5cbe0fb2775972e8f1f8446a71549bd8980b"
  name = "github.com/pkg/errors"
  packages = ["."]
  pruneopts = "UT"
  revision = "ba968bfe8b2f7e042a574c888954fccecfa385b4"
  version = "v0.8.1"

[[projects]]
  digest = "1:fd61cf4ae1953d55df708acb6b91492d538f49c305b364a014049914495db426"
  name = "github.com/sirupsen/logrus"
  packages = ["."]
  pruneopts = "UT"
  revision = "8bdbc7bcc01dcbb8ec23dc8a28e332258d25251f"
  version = "v1.4.1"

[[projects]]
  digest = "1:c468422f334a6b46a19448ad59aaffdfc0a36b08fdcc1c749a0b29b6453d7e59"
  name = "github.com/valyala/bytebufferpool"
  packages = ["."]
  pruneopts = "UT"
  revision = "e746df99fe4a3986f4d4f79e13c1e0117ce9c2f7"
  version = "v1.0.0"

[[projects]]
  digest = "1:6301ec20b1f40ce8463de7ad70ce75e6dce197bae76cb129c2cfdf4ec53ca62a"
  name = "github.com/valyala/fasthttp"
  packages = [
    ".",
    "fasthttputil",
    "reuseport",
    "stackless",
  ]
  pruneopts = "UT"
  revision = "e5f51c11919d4f66400334047b897ef0a94c6f3c"
  version = "v20180529"

[[projects]]
  branch = "master"
  digest = "1:8507835fade46d48a94828b351e1f8fb83df1aa65ba1e67c9493b0a1b47abc73"
  name = "github.com/valyala/tcplisten"
  packages = ["."]
  pruneopts = "UT"
  revision = "ceec8f93295a060cdb565ec25e4ccf17941dbd55"

[[projects]]
  branch = "master"
  digest = "1:3e01c69b34e7c3fa4b7a118ca95a6beaecea00f7f4fb701545d83eacd3badb3c"
  name = "golang.org/x/sys"
  packages = ["unix"]
  pruneopts = "UT"
  revision = "3fd5a3612ccd7907f26270fa92579a0f2f76f734"

[[projects]]
  digest = "1:4d2e5a73dc1500038e504a8d78b986630e3626dc027bc030ba5c75da257cdb96"
  name = "gopkg.in/yaml.v2"
  packages = ["."]
  pruneopts = "UT"
  revision = "51d6538a90f86fe93ac480b35f37b2be17fef232"
  version = "v2.2.2"

[solve-meta]
  analyzer-name = "dep"
  analyzer-version = 1
  input-imports = [
    "github.com/buaazp/fasthttprouter",
    "github.com/docopt/docopt-go",
    "github.com/kljensen/snowball",
    "github.com/pkg/errors",
    "github.com/sirupsen/logrus",
    "github.com/valyala/fasthttp",
    "github.com/valyala/fasthttp/reuseport",
    "gopkg.in/yaml.v2",
  ]
  solver-name = "gps-cdcl"
  solver-version = 1
